// !$*UTF8*$!
{
	archiveVersion = 1;
	classes = {
	};
	objectVersion = 46;
	objects = {

/* Begin PBXBuildFile section */
		204297221EA70FBB0066D12A /* AppDelegate.swift in Sources */ = {isa = PBXBuildFile; fileRef = 204297211EA70FBB0066D12A /* AppDelegate.swift */; };
		204297241EA70FBB0066D12A /* ViewController.swift in Sources */ = {isa = PBXBuildFile; fileRef = 204297231EA70FBB0066D12A /* ViewController.swift */; };
		204297271EA70FBB0066D12A /* Main.storyboard in Resources */ = {isa = PBXBuildFile; fileRef = 204297251EA70FBB0066D12A /* Main.storyboard */; };
		204297291EA70FBB0066D12A /* Assets.xcassets in Resources */ = {isa = PBXBuildFile; fileRef = 204297281EA70FBB0066D12A /* Assets.xcassets */; };
		2042972C1EA70FBB0066D12A /* LaunchScreen.storyboard in Resources */ = {isa = PBXBuildFile; fileRef = 2042972A1EA70FBB0066D12A /* LaunchScreen.storyboard */; };
/* End PBXBuildFile section */

/* Begin PBXFileReference section */
		2042971E1EA70FBB0066D12A /* LlenarUITableViews.app */ = {isa = PBXFileReference; explicitFileType = wrapper.application; includeInIndex = 0; path = LlenarUITableViews.app; sourceTree = BUILT_PRODUCTS_DIR; };
		204297211EA70FBB0066D12A /* AppDelegate.swift */ = {isa = PBXFileReference; lastKnownFileType = sourcecode.swift; path = AppDelegate.swift; sourceTree = "<group>"; };
		204297231EA70FBB0066D12A /* ViewController.swift */ = {isa = PBXFileReference; lastKnownFileType = sourcecode.swift; path = ViewController.swift; sourceTree = "<group>"; };
		204297261EA70FBB0066D12A /* Base */ = {isa = PBXFileReference; lastKnownFileType = file.storyboard; name = Base; path = Base.lproj/Main.storyboard; sourceTree = "<group>"; };
		204297281EA70FBB0066D12A /* Assets.xcassets */ = {isa = PBXFileReference; lastKnownFileType = folder.assetcatalog; path = Assets.xcassets; sourceTree = "<group>"; };
		2042972B1EA70FBB0066D12A /* Base */ = {isa = PBXFileReference; lastKnownFileType = file.storyboard; name = Base; path = Base.lproj/LaunchScreen.storyboard; sourceTree = "<group>"; };
		2042972D1EA70FBB0066D12A /* Info.plist */ = {isa = PBXFileReference; lastKnownFileType = text.plist.xml; path = Info.plist; sourceTree = "<group>"; };
/* End PBXFileReference section */

/* Begin PBXFrameworksBuildPhase section */
		2042971B1EA70FBB0066D12A /* Frameworks */ = {
			isa = PBXFrameworksBuildPhase;
			buildActionMask = 2147483647;
			files = (
			);
			runOnlyForDeploymentPostprocessing = 0;
		};
/* End PBXFrameworksBuildPhase section */

/* Begin PBXGroup section */
		204297151EA70FBB0066D12A = {
			isa = PBXGroup;
			children = (
				204297201EA70FBB0066D12A /* LlenarUITableViews */,
				2042971F1EA70FBB0066D12A /* Products */,
			);
			sourceTree = "<group>";
		};
		2042971F1EA70FBB0066D12A /* Products */ = {
			isa = PBXGroup;
			children = (
				2042971E1EA70FBB0066D12A /* LlenarUITableViews.app */,
			);
			name = Products;
			sourceTree = "<group>";
		};
		204297201EA70FBB0066D12A /* LlenarUITableViews */ = {
			isa = PBXGroup;
			children = (
				204297211EA70FBB0066D12A /* AppDelegate.swift */,
				204297231EA70FBB0066D12A /* ViewController.swift */,
				204297251EA70FBB0066D12A /* Main.storyboard */,
				204297281EA70FBB0066D12A /* Assets.xcassets */,
				2042972A1EA70FBB0066D12A /* LaunchScreen.storyboard */,
				2042972D1EA70FBB0066D12A /* Info.plist */,
			);
			path = LlenarUITableViews;
			sourceTree = "<group>";
		};
/* End PBXGroup section */

/* Begin PBXNativeTarget section */
		2042971D1EA70FBB0066D12A /* LlenarUITableViews */ = {
			isa = PBXNativeTarget;
			buildConfigurationList = 204297301EA70FBB0066D12A /* Build configuration list for PBXNativeTarget "LlenarUITableViews" */;
			buildPhases = (
				2042971A1EA70FBB0066D12A /* Sources */,
				2042971B1EA70FBB0066D12A /* Frameworks */,
				2042971C1EA70FBB0066D12A /* Resources */,
			);
			buildRules = (
			);
			dependencies = (
			);
			name = LlenarUITableViews;
			productName = LlenarUITableViews;
			productReference = 2042971E1EA70FBB0066D12A /* LlenarUITableViews.app */;
			productType = "com.apple.product-type.application";
		};
/* End PBXNativeTarget section */

/* Begin PBXProject section */
		204297161EA70FBB0066D12A /* Project object */ = {
			isa = PBXProject;
			attributes = {
				LastSwiftUpdateCheck = 0830;
				LastUpgradeCheck = 0830;
				ORGANIZATIONNAME = "Alex Mejicanos";
				TargetAttributes = {
					2042971D1EA70FBB0066D12A = {
						CreatedOnToolsVersion = 8.3.1;
						ProvisioningStyle = Automatic;
					};
				};
			};
			buildConfigurationList = 204297191EA70FBB0066D12A /* Build configuration list for PBXProject "LlenarUITableViews" */;
			compatibilityVersion = "Xcode 3.2";
			developmentRegion = English;
			hasScannedForEncodings = 0;
			knownRegions = (
				en,
				Base,
			);
			mainGroup = 204297151EA70FBB0066D12A;
			productRefGroup = 2042971F1EA70FBB0066D12A /* Products */;
			projectDirPath = "";
			projectRoot = "";
			targets = (
				2042971D1EA70FBB0066D12A /* LlenarUITableViews */,
			);
		};
/* End PBXProject section */

/* Begin PBXResourcesBuildPhase section */
		2042971C1EA70FBB0066D12A /* Resources */ = {
			isa = PBXResourcesBuildPhase;
			buildActionMask = 2147483647;
			files = (
				2042972C1EA70FBB0066D12A /* LaunchScreen.storyboard in Resources */,
				204297291EA70FBB0066D12A /* Assets.xcassets in Resources */,
				204297271EA70FBB0066D12A /* Main.storyboard in Resources */,
			);
			runOnlyForDeploymentPostprocessing = 0;
		};
/* End PBXResourcesBuildPhase section */

/* Begin PBXSourcesBuildPhase section */
		2042971A1EA70FBB0066D12A /* Sources */ = {
			isa = PBXSourcesBuildPhase;
			buildActionMask = 2147483647;
			files = (
				204297241EA70FBB0066D12A /* ViewController.swift in Sources */,
				204297221EA70FBB0066D12A /* AppDelegate.swift in Sources */,
			);
			runOnlyForDeploymentPostprocessing = 0;
		};
/* End PBXSourcesBuildPhase section */

/* Begin PBXVariantGroup section */
		204297251EA70FBB0066D12A /* Main.storyboard */ = {
			isa = PBXVariantGroup;
			children = (
				204297261EA70FBB0066D12A /* Base */,
			);
			name = Main.storyboard;
			sourceTree = "<group>";
		};
		2042972A1EA70FBB0066D12A /* LaunchScreen.storyboard */ = {
			isa = PBXVariantGroup;
			children = (
				2042972B1EA70FBB0066D12A /* Base */,
			);
			name = LaunchScreen.storyboard;
			sourceTree = "<group>";
		};
/* End PBXVariantGroup section */

/* Begin XCBuildConfiguration section */
		2042972E1EA70FBB0066D12A /* Debug */ = {
			isa = XCBuildConfiguration;
			buildSettings = {
				ALWAYS_SEARCH_USER_PATHS = NO;
				CLANG_ANALYZER_NONNULL = YES;
				CLANG_ANALYZER_NUMBER_OBJECT_CONVERSION = YES_AGGRESSIVE;
				CLANG_CXX_LANGUAGE_STANDARD = "gnu++0x";
				CLANG_CXX_LIBRARY = "libc++";
				CLANG_ENABLE_MODULES = YES;
				CLANG_ENABLE_OBJC_ARC = YES;
				CLANG_WARN_BOOL_CONVERSION = YES;
				CLANG_WARN_CONSTANT_CONVERSION = YES;
				CLANG_WARN_DIRECT_OBJC_ISA_USAGE = YES_ERROR;
				CLANG_WARN_DOCUMENTATION_COMMENTS = YES;
				CLANG_WARN_EMPTY_BODY = YES;
				CLANG_WARN_ENUM_CONVERSION = YES;
				CLANG_WARN_INFINITE_RECURSION = YES;
				CLANG_WARN_INT_CONVERSION = YES;
				CLANG_WARN_OBJC_ROOT_CLASS = YES_ERROR;
				CLANG_WARN_SUSPICIOUS_MOVE = YES;
				CLANG_WARN_UNREACHABLE_CODE = YES;
				CLANG_WARN__DUPLICATE_METHOD_MATCH = YES;
				"CODE_SIGN_IDENTITY[sdk=iphoneos*]" = "iPhone Developer";
				COPY_PHASE_STRIP = NO;
				DEBUG_INFORMATION_FORMAT = dwarf;
				ENABLE_STRICT_OBJC_MSGSEND = YES;
				ENABLE_TESTABILITY = YES;
				GCC_C_LANGUAGE_STANDARD = gnu99;
				GCC_DYNAMIC_NO_PIC = NO;
				GCC_NO_COMMON_BLOCKS = YES;
				GCC_OPTIMIZATION_LEVEL = 0;
				GCC_PREPROCESSOR_DEFINITIONS = (
					"DEBUG=1",
					"$(inherited)",
				);
				GCC_WARN_64_TO_32_BIT_CONVERSION = YES;
				GCC_WARN_ABOUT_RETURN_TYPE = YES_ERROR;
				GCC_WARN_UNDECLARED_SELECTOR = YES;
				GCC_WARN_UNINITIALIZED_AUTOS = YES_AGGRESSIVE;
				GCC_WARN_UNUSED_FUNCTION = YES;
				GCC_WARN_UNUSED_VARIABLE = YES;
				IPHONEOS_DEPLOYMENT_TARGET = 10.3;
				MTL_ENABLE_DEBUG_INFO = YES;
				ONLY_ACTIVE_ARCH = YES;
				SDKROOT = iphoneos;
				SWIFT_ACTIVE_COMPILATION_CONDITIONS = DEBUG;
				SWIFT_OPTIMIZATION_LEVEL = "-Onone";
			};
			name = Debug;
		};
		2042972F1EA70FBB0066D12A /* Release */ = {
			isa = XCBuildConfiguration;
			buildSettings = {
				ALWAYS_SEARCH_USER_PATHS = NO;
				CLANG_ANALYZER_NONNULL = YES;
				CLANG_ANALYZER_NUMBER_OBJECT_CONVERSION = YES_AGGRESSIVE;
				CLANG_CXX_LANGUAGE_STANDARD = "gnu++0x";
				CLANG_CXX_LIBRARY = "libc++";
				CLANG_ENABLE_MODULES = YES;
				CLANG_ENABLE_OBJC_ARC = YES;
				CLANG_WARN_BOOL_CONVERSION = YES;
				CLANG_WARN_CONSTANT_CONVERSION = YES;
				CLANG_WARN_DIRECT_OBJC_ISA_USAGE = YES_ERROR;
				CLANG_WARN_DOCUMENTATION_COMMENTS = YES;
				CLANG_WARN_EMPTY_BODY = YES;
				CLANG_WARN_ENUM_CONVERSION = YES;
				CLANG_WARN_INFINITE_RECURSION = YES;
				CLANG_WARN_INT_CONVERSION = YES;
				CLANG_WARN_OBJC_ROOT_CLASS = YES_ERROR;
				CLANG_WARN_SUSPICIOUS_MOVE = YES;
				CLANG_WARN_UNREACHABLE_CODE = YES;
				CLANG_WARN__DUPLICATE_METHOD_MATCH = YES;
				"CODE_SIGN_IDENTITY[sdk=iphoneos*]" = "iPhone Developer";
				COPY_PHASE_STRIP = NO;
				DEBUG_INFORMATION_FORMAT = "dwarf-with-dsym";
				ENABLE_NS_ASSERTIONS = NO;
				ENABLE_STRICT_OBJC_MSGSEND = YES;
				GCC_C_LANGUAGE_STANDARD = gnu99;
				GCC_NO_COMMON_BLOCKS = YES;
				GCC_WARN_64_TO_32_BIT_CONVERSION = YES;
				GCC_WARN_ABOUT_RETURN_TYPE = YES_ERROR;
				GCC_WARN_UNDECLARED_SELECTOR = YES;
				GCC_WARN_UNINITIALIZED_AUTOS = YES_AGGRESSIVE;
				GCC_WARN_UNUSED_FUNCTION = YES;
				GCC_WARN_UNUSED_VARIABLE = YES;
				IPHONEOS_DEPLOYMENT_TARGET = 10.3;
				MTL_ENABLE_DEBUG_INFO = NO;
				SDKROOT = iphoneos;
				SWIFT_OPTIMIZATION_LEVEL = "-Owholemodule";
				VALIDATE_PRODUCT = YES;
			};
			name = Release;
		};
		204297311EA70FBB0066D12A /* Debug */ = {
			isa = XCBuildConfiguration;
			buildSettings = {
				ASSETCATALOG_COMPILER_APPICON_NAME = AppIcon;
				INFOPLIST_FILE = LlenarUITableViews/Info.plist;
				LD_RUNPATH_SEARCH_PATHS = "$(inherited) @executable_path/Frameworks";
				PRODUCT_BUNDLE_IDENTIFIER = com.alexmejicanos.LlenarUITableViews;
				PRODUCT_NAME = "$(TARGET_NAME)";
				SWIFT_VERSION = 3.0;
			};
			name = Debug;
		};
		204297321EA70FBB0066D12A /* Release */ = {
			isa = XCBuildConfiguration;
			buildSettings = {
				ASSETCATALOG_COMPILER_APPICON_NAME = AppIcon;
				INFOPLIST_FILE = LlenarUITableViews/Info.plist;
				LD_RUNPATH_SEARCH_PATHS = "$(inherited) @executable_path/Frameworks";
				PRODUCT_BUNDLE_IDENTIFIER = com.alexmejicanos.LlenarUITableViews;
				PRODUCT_NAME = "$(TARGET_NAME)";
				SWIFT_VERSION = 3.0;
			};
			name = Release;
		};
/* End XCBuildConfiguration section */

/* Begin XCConfigurationList section */
		204297191EA70FBB0066D12A /* Build configuration list for PBXProject "LlenarUITableViews" */ = {
			isa = XCConfigurationList;
			buildConfigurations = (
				2042972E1EA70FBB0066D12A /* Debug */,
				2042972F1EA70FBB0066D12A /* Release */,
			);
			defaultConfigurationIsVisible = 0;
			defaultConfigurationName = Release;
		};
		204297301EA70FBB0066D12A /* Build configuration list for PBXNativeTarget "LlenarUITableViews" */ = {
			isa = XCConfigurationList;
			buildConfigurations = (
				204297311EA70FBB0066D12A /* Debug */,
				204297321EA70FBB0066D12A /* Release */,
			);
			defaultConfigurationIsVisible = 0;
		};
/* End XCConfigurationList section */
	};
	rootObject = 204297161EA70FBB0066D12A /* Project object */;
}
